Microsoft Visual Studio Solution File, Format Version 12.00
# Visual Studio Version 17
VisualStudioVersion = 17.5.2.0
MinimumVisualStudioVersion = 10.0.40219.1
Project("{FAE04EC0-301F-11D3-BF4B-00C04F79EFBC}") = "WordBattleGame.Tests", "WordBattleGame.Tests.csproj", "{CE1AA351-63A9-23D5-C302-A4C745F8382E}"
EndProject
Global
	GlobalSection(SolutionConfigurationPlatforms) = preSolution
		Debug|Any CPU = Debug|Any CPU
		Release|Any CPU = Release|Any CPU
	EndGlobalSection
	GlobalSection(ProjectConfigurationPlatforms) = postSolution
		{CE1AA351-63A9-23D5-C302-A4C745F8382E}.Debug|Any CPU.ActiveCfg = Debug|Any CPU
		{CE1AA351-63A9-23D5-C302-A4C745F8382E}.Debug|Any CPU.Build.0 = Debug|Any CPU
		{CE1AA351-63A9-23D5-C302-A4C745F8382E}.Release|Any CPU.ActiveCfg = Release|Any CPU
		{CE1AA351-63A9-23D5-C302-A4C745F8382E}.Release|Any CPU.Build.0 = Release|Any CPU
	EndGlobalSection
	GlobalSection(SolutionProperties) = preSolution
		HideSolutionNode = FALSE
	EndGlobalSection
	GlobalSection(ExtensibilityGlobals) = postSolution
		SolutionGuid = {E12558E8-6CCC-4758-AF67-6F6CF6F85A77}
	EndGlobalSection
EndGlobal
